{
  "name": "watering",
  "version": "1.0.0",
  "lockfileVersion": 1,
  "requires": true,
  "dependencies": {
    "@types/later": {
      "version": "1.2.5",
      "resolved": "https://registry.npmjs.org/@types/later/-/later-1.2.5.tgz",
      "integrity": "sha512-oROpXZfXR+6uQyz4wBs2gZYxvZJ5Zp+iSEJWrIWgvipSnzLcHCpR9br4XUqRBPFS1EP971JlnWfXhr5so5E1sg=="
    },
    "@types/node": {
      "version": "12.7.12",
      "resolved": "https://registry.npmjs.org/@types/node/-/node-12.7.12.tgz",
      "integrity": "sha512-KPYGmfD0/b1eXurQ59fXD1GBzhSQfz6/lKBxkaHX9dKTzjXbK68Zt7yGUxUsCS1jeTy/8aL+d9JEr+S54mpkWQ=="
    },
    "bindings": {
      "version": "1.5.0",
      "resolved": "https://registry.npmjs.org/bindings/-/bindings-1.5.0.tgz",
      "integrity": "sha512-p2q/t/mhvuOj/UeLlV6566GD/guowlr0hHxClI0W9m7MWYkL1F0hLo+0Aexs9HSPCtR1SXQ0TD3MMKrXZajbiQ==",
      "requires": {
        "file-uri-to-path": "1.0.0"
      }
    },
    "blynk-library": {
      "version": "0.5.4",
      "resolved": "https://registry.npmjs.org/blynk-library/-/blynk-library-0.5.4.tgz",
      "integrity": "sha512-iha3Fb1ShUOj5ozXzDLZCroi6eWuiOojgylHCdtCxYKBmH5jK0SJa1+Ot6SVpSSvTljRrzt7sysG4e0w/Rftkw=="
    },
    "dotenv": {
      "version": "4.0.0",
      "resolved": "https://registry.npmjs.org/dotenv/-/dotenv-4.0.0.tgz",
      "integrity": "sha1-hk7xN5rO1Vzm+V3r7NzhefegzR0="
    },
    "epoll": {
      "version": "2.0.10",
      "resolved": "https://registry.npmjs.org/epoll/-/epoll-2.0.10.tgz",
      "integrity": "sha512-kx5y1SxivN99HjXDZpE/A73FHJV/dzRQt+qoF88CEza3RcEKGqNfkXPPY/oqVBV5w6G2N6b8xd5s5zprgrUVnQ==",
      "requires": {
        "bindings": "1.5.0",
        "nan": "2.14.0"
      }
    },
    "file-uri-to-path": {
      "version": "1.0.0",
      "resolved": "https://registry.npmjs.org/file-uri-to-path/-/file-uri-to-path-1.0.0.tgz",
      "integrity": "sha512-0Zt+s3L7Vf1biwWZ29aARiVYLx7iMGnEUl9x33fbB/j3jR81u/O2LbqK+Bm1CDSNDKVtJ/YjwY7TUd5SkeLQLw=="
    },
    "later": {
      "version": "1.2.0",
      "resolved": "https://registry.npmjs.org/later/-/later-1.2.0.tgz",
      "integrity": "sha1-8s9sTdeVbdL1IK3wMpg26YdrrQ8="
    },
    "lodash.debounce": {
      "version": "4.0.8",
      "resolved": "https://registry.npmjs.org/lodash.debounce/-/lodash.debounce-4.0.8.tgz",
      "integrity": "sha1-gteb/zCmfEAF/9XiUVMArZyk168="
    },
    "nan": {
      "version": "2.14.0",
      "resolved": "https://registry.npmjs.org/nan/-/nan-2.14.0.tgz",
      "integrity": "sha512-INOFj37C7k3AfaNTtX8RhsTw7qRy7eLET14cROi9+5HAVbbHuIWUHEauBv5qT4Av2tWasiTY1Jw6puUNqRJXQg=="
    },
    "onoff": {
      "version": "4.1.4",
      "resolved": "https://registry.npmjs.org/onoff/-/onoff-4.1.4.tgz",
      "integrity": "sha512-donHmh40cVZuU4CKp6vTWi0y2QK7OXiOlMSeqXPV+iWi0EqLOV5ld0qVVO0rp7/f9GAeX21LgrOBfT2Bk2RVvQ==",
      "requires": {
        "epoll": "2.0.10",
        "lodash.debounce": "4.0.8"
      }
    }
  }
}
